// !$*UTF8*$!
{
	archiveVersion = 1;
	classes = {
	};
	objectVersion = 55;
	objects = {

/* Begin PBXBuildFile section */
		9A2D169E27C62FB20089FA10 /* AppInfoViewController.swift in Sources */ = {isa = PBXBuildFile; fileRef = 9A2D169D27C62FB20089FA10 /* AppInfoViewController.swift */; };
		9A2D16A027C632290089FA10 /* InfoModel.swift in Sources */ = {isa = PBXBuildFile; fileRef = 9A2D169F27C632290089FA10 /* InfoModel.swift */; };
		9A2D16A527C634C30089FA10 /* ThemeTableViewCell.swift in Sources */ = {isa = PBXBuildFile; fileRef = 9A2D16A327C634C30089FA10 /* ThemeTableViewCell.swift */; };
		9A2D16A627C634C30089FA10 /* ThemeTableViewCell.xib in Resources */ = {isa = PBXBuildFile; fileRef = 9A2D16A427C634C30089FA10 /* ThemeTableViewCell.xib */; };
		9A2D16AB27C642660089FA10 /* FAQTableViewCell.swift in Sources */ = {isa = PBXBuildFile; fileRef = 9A2D16A927C642660089FA10 /* FAQTableViewCell.swift */; };
		9A2D16AC27C642660089FA10 /* FAQTableViewCell.xib in Resources */ = {isa = PBXBuildFile; fileRef = 9A2D16AA27C642660089FA10 /* FAQTableViewCell.xib */; };
		9A4E84B227AAB4F2003C9D48 /* CurrentCategoriesTableViewController.swift in Sources */ = {isa = PBXBuildFile; fileRef = 9A4E84B127AAB4F2003C9D48 /* CurrentCategoriesTableViewController.swift */; };
		9A6FF3FB27BA4CCB00C18D09 /* DetailRecipeViewController.swift in Sources */ = {isa = PBXBuildFile; fileRef = 9A6FF3FA27BA4CCB00C18D09 /* DetailRecipeViewController.swift */; };
		9A7D15CF27BBE1B200D2D77B /* StepsTableViewCell.swift in Sources */ = {isa = PBXBuildFile; fileRef = 9A7D15CD27BBE1B200D2D77B /* StepsTableViewCell.swift */; };
		9A7D15D027BBE1B200D2D77B /* StepsTableViewCell.xib in Resources */ = {isa = PBXBuildFile; fileRef = 9A7D15CE27BBE1B200D2D77B /* StepsTableViewCell.xib */; };
		9A7D15D327BD149600D2D77B /* SearchTableViewController.swift in Sources */ = {isa = PBXBuildFile; fileRef = 9A7D15D227BD149600D2D77B /* SearchTableViewController.swift */; };
		9A80671427C51AAE00BA0445 /* CoreDataStack.swift in Sources */ = {isa = PBXBuildFile; fileRef = 9A80671327C51AAE00BA0445 /* CoreDataStack.swift */; };
		9A95F09E27A2A6450059BD29 /* AppDelegate.swift in Sources */ = {isa = PBXBuildFile; fileRef = 9A95F09D27A2A6450059BD29 /* AppDelegate.swift */; };
		9A95F0A027A2A6450059BD29 /* SceneDelegate.swift in Sources */ = {isa = PBXBuildFile; fileRef = 9A95F09F27A2A6450059BD29 /* SceneDelegate.swift */; };
		9A95F0A527A2A6450059BD29 /* Main.storyboard in Resources */ = {isa = PBXBuildFile; fileRef = 9A95F0A327A2A6450059BD29 /* Main.storyboard */; };
		9A95F0A827A2A6450059BD29 /* MyRecipe.xcdatamodeld in Sources */ = {isa = PBXBuildFile; fileRef = 9A95F0A627A2A6450059BD29 /* MyRecipe.xcdatamodeld */; };
		9A95F0AA27A2A6480059BD29 /* Assets.xcassets in Resources */ = {isa = PBXBuildFile; fileRef = 9A95F0A927A2A6480059BD29 /* Assets.xcassets */; };
		9A95F0AD27A2A6480059BD29 /* LaunchScreen.storyboard in Resources */ = {isa = PBXBuildFile; fileRef = 9A95F0AB27A2A6480059BD29 /* LaunchScreen.storyboard */; };
		9A95F0BE27A2AF9A0059BD29 /* DayRecipeTableViewController.swift in Sources */ = {isa = PBXBuildFile; fileRef = 9A95F0BD27A2AF9A0059BD29 /* DayRecipeTableViewController.swift */; };
		9A95F0C027A2B0830059BD29 /* RecipeModel.swift in Sources */ = {isa = PBXBuildFile; fileRef = 9A95F0BF27A2B0830059BD29 /* RecipeModel.swift */; };
		9A95F0C227A2B8D40059BD29 /* NetworkRequests.swift in Sources */ = {isa = PBXBuildFile; fileRef = 9A95F0C127A2B8D40059BD29 /* NetworkRequests.swift */; };
		9A95F0C427A2C88A0059BD29 /* DayRecipeTableViewCell.swift in Sources */ = {isa = PBXBuildFile; fileRef = 9A95F0C327A2C88A0059BD29 /* DayRecipeTableViewCell.swift */; };
		9A96149927BBC7E200F2A233 /* IngredientsTableViewCell.swift in Sources */ = {isa = PBXBuildFile; fileRef = 9A96149727BBC7E200F2A233 /* IngredientsTableViewCell.swift */; };
		9A96149A27BBC7E200F2A233 /* IngredientsTableViewCell.xib in Resources */ = {isa = PBXBuildFile; fileRef = 9A96149827BBC7E200F2A233 /* IngredientsTableViewCell.xib */; };
		9A98DD1B27C4E7CD00708BDF /* MyExtansions.swift in Sources */ = {isa = PBXBuildFile; fileRef = 9A98DD1A27C4E7CD00708BDF /* MyExtansions.swift */; };
		9AC0D8C127AAED6300900702 /* RecipeListTableViewCell.swift in Sources */ = {isa = PBXBuildFile; fileRef = 9AC0D8C027AAED6300900702 /* RecipeListTableViewCell.swift */; };
		9AD8DA2427BE3BF6004C3355 /* FavouriteTableViewController.swift in Sources */ = {isa = PBXBuildFile; fileRef = 9AD8DA2327BE3BF6004C3355 /* FavouriteTableViewController.swift */; };
		9AE0DE1327B57A5800EB7C04 /* LocalModelForCategories.swift in Sources */ = {isa = PBXBuildFile; fileRef = 9AE0DE1227B57A5800EB7C04 /* LocalModelForCategories.swift */; };
		9AE0DE1527B58B5200EB7C04 /* CategoriesTableViewController.swift in Sources */ = {isa = PBXBuildFile; fileRef = 9AE0DE1427B58B5200EB7C04 /* CategoriesTableViewController.swift */; };
		9AE0DE1727B58C0B00EB7C04 /* CategoriesTableViewCell.swift in Sources */ = {isa = PBXBuildFile; fileRef = 9AE0DE1627B58C0B00EB7C04 /* CategoriesTableViewCell.swift */; };
		9AEA6A6D27BA71A700AF0DE4 /* DescriptionViewController.swift in Sources */ = {isa = PBXBuildFile; fileRef = 9AEA6A6B27BA71A700AF0DE4 /* DescriptionViewController.swift */; };
		9AEA6A6E27BA71A700AF0DE4 /* DescriptionViewController.xib in Resources */ = {isa = PBXBuildFile; fileRef = 9AEA6A6C27BA71A700AF0DE4 /* DescriptionViewController.xib */; };
		9AEA6A7127BA71C600AF0DE4 /* IngredientsTableViewController.swift in Sources */ = {isa = PBXBuildFile; fileRef = 9AEA6A6F27BA71C600AF0DE4 /* IngredientsTableViewController.swift */; };
		9AEA6A7227BA71C600AF0DE4 /* IngridientsTableViewController.xib in Resources */ = {isa = PBXBuildFile; fileRef = 9AEA6A7027BA71C600AF0DE4 /* IngridientsTableViewController.xib */; };
		9AEA6A7527BA71D400AF0DE4 /* StepsTableViewController.swift in Sources */ = {isa = PBXBuildFile; fileRef = 9AEA6A7327BA71D400AF0DE4 /* StepsTableViewController.swift */; };
		9AEA6A7627BA71D400AF0DE4 /* StepsTableViewController.xib in Resources */ = {isa = PBXBuildFile; fileRef = 9AEA6A7427BA71D400AF0DE4 /* StepsTableViewController.xib */; };
/* End PBXBuildFile section */

/* Begin PBXFileReference section */
		9A2D169D27C62FB20089FA10 /* AppInfoViewController.swift */ = {isa = PBXFileReference; lastKnownFileType = sourcecode.swift; path = AppInfoViewController.swift; sourceTree = "<group>"; };
		9A2D169F27C632290089FA10 /* InfoModel.swift */ = {isa = PBXFileReference; lastKnownFileType = sourcecode.swift; path = InfoModel.swift; sourceTree = "<group>"; };
		9A2D16A327C634C30089FA10 /* ThemeTableViewCell.swift */ = {isa = PBXFileReference; lastKnownFileType = sourcecode.swift; path = ThemeTableViewCell.swift; sourceTree = "<group>"; };
		9A2D16A427C634C30089FA10 /* ThemeTableViewCell.xib */ = {isa = PBXFileReference; lastKnownFileType = file.xib; path = ThemeTableViewCell.xib; sourceTree = "<group>"; };
		9A2D16A927C642660089FA10 /* FAQTableViewCell.swift */ = {isa = PBXFileReference; lastKnownFileType = sourcecode.swift; path = FAQTableViewCell.swift; sourceTree = "<group>"; };
		9A2D16AA27C642660089FA10 /* FAQTableViewCell.xib */ = {isa = PBXFileReference; lastKnownFileType = file.xib; path = FAQTableViewCell.xib; sourceTree = "<group>"; };
		9A4E84B127AAB4F2003C9D48 /* CurrentCategoriesTableViewController.swift */ = {isa = PBXFileReference; lastKnownFileType = sourcecode.swift; path = CurrentCategoriesTableViewController.swift; sourceTree = "<group>"; };
		9A6FF3FA27BA4CCB00C18D09 /* DetailRecipeViewController.swift */ = {isa = PBXFileReference; lastKnownFileType = sourcecode.swift; path = DetailRecipeViewController.swift; sourceTree = "<group>"; };
		9A7D15CD27BBE1B200D2D77B /* StepsTableViewCell.swift */ = {isa = PBXFileReference; lastKnownFileType = sourcecode.swift; path = StepsTableViewCell.swift; sourceTree = "<group>"; };
		9A7D15CE27BBE1B200D2D77B /* StepsTableViewCell.xib */ = {isa = PBXFileReference; lastKnownFileType = file.xib; path = StepsTableViewCell.xib; sourceTree = "<group>"; };
		9A7D15D227BD149600D2D77B /* SearchTableViewController.swift */ = {isa = PBXFileReference; lastKnownFileType = sourcecode.swift; path = SearchTableViewController.swift; sourceTree = "<group>"; };
		9A80671327C51AAE00BA0445 /* CoreDataStack.swift */ = {isa = PBXFileReference; lastKnownFileType = sourcecode.swift; path = CoreDataStack.swift; sourceTree = "<group>"; };
		9A95F09A27A2A6450059BD29 /* MyRecipe.app */ = {isa = PBXFileReference; explicitFileType = wrapper.application; includeInIndex = 0; path = MyRecipe.app; sourceTree = BUILT_PRODUCTS_DIR; };
		9A95F09D27A2A6450059BD29 /* AppDelegate.swift */ = {isa = PBXFileReference; lastKnownFileType = sourcecode.swift; path = AppDelegate.swift; sourceTree = "<group>"; };
		9A95F09F27A2A6450059BD29 /* SceneDelegate.swift */ = {isa = PBXFileReference; lastKnownFileType = sourcecode.swift; path = SceneDelegate.swift; sourceTree = "<group>"; };
		9A95F0A427A2A6450059BD29 /* Base */ = {isa = PBXFileReference; lastKnownFileType = file.storyboard; name = Base; path = Base.lproj/Main.storyboard; sourceTree = "<group>"; };
		9A95F0A727A2A6450059BD29 /* MyRecipe.xcdatamodel */ = {isa = PBXFileReference; lastKnownFileType = wrapper.xcdatamodel; path = MyRecipe.xcdatamodel; sourceTree = "<group>"; };
		9A95F0A927A2A6480059BD29 /* Assets.xcassets */ = {isa = PBXFileReference; lastKnownFileType = folder.assetcatalog; path = Assets.xcassets; sourceTree = "<group>"; };
		9A95F0AC27A2A6480059BD29 /* Base */ = {isa = PBXFileReference; lastKnownFileType = file.storyboard; name = Base; path = Base.lproj/LaunchScreen.storyboard; sourceTree = "<group>"; };
		9A95F0AE27A2A6480059BD29 /* Info.plist */ = {isa = PBXFileReference; lastKnownFileType = text.plist.xml; path = Info.plist; sourceTree = "<group>"; };
		9A95F0BD27A2AF9A0059BD29 /* DayRecipeTableViewController.swift */ = {isa = PBXFileReference; lastKnownFileType = sourcecode.swift; path = DayRecipeTableViewController.swift; sourceTree = "<group>"; };
		9A95F0BF27A2B0830059BD29 /* RecipeModel.swift */ = {isa = PBXFileReference; lastKnownFileType = sourcecode.swift; path = RecipeModel.swift; sourceTree = "<group>"; };
		9A95F0C127A2B8D40059BD29 /* NetworkRequests.swift */ = {isa = PBXFileReference; lastKnownFileType = sourcecode.swift; path = NetworkRequests.swift; sourceTree = "<group>"; };
		9A95F0C327A2C88A0059BD29 /* DayRecipeTableViewCell.swift */ = {isa = PBXFileReference; lastKnownFileType = sourcecode.swift; path = DayRecipeTableViewCell.swift; sourceTree = "<group>"; };
		9A96149727BBC7E200F2A233 /* IngredientsTableViewCell.swift */ = {isa = PBXFileReference; lastKnownFileType = sourcecode.swift; path = IngredientsTableViewCell.swift; sourceTree = "<group>"; };
		9A96149827BBC7E200F2A233 /* IngredientsTableViewCell.xib */ = {isa = PBXFileReference; lastKnownFileType = file.xib; path = IngredientsTableViewCell.xib; sourceTree = "<group>"; };
		9A98DD1A27C4E7CD00708BDF /* MyExtansions.swift */ = {isa = PBXFileReference; lastKnownFileType = sourcecode.swift; path = MyExtansions.swift; sourceTree = "<group>"; };
		9AC0D8C027AAED6300900702 /* RecipeListTableViewCell.swift */ = {isa = PBXFileReference; lastKnownFileType = sourcecode.swift; path = RecipeListTableViewCell.swift; sourceTree = "<group>"; };
		9AD8DA2327BE3BF6004C3355 /* FavouriteTableViewController.swift */ = {isa = PBXFileReference; lastKnownFileType = sourcecode.swift; path = FavouriteTableViewController.swift; sourceTree = "<group>"; };
		9AE0DE1227B57A5800EB7C04 /* LocalModelForCategories.swift */ = {isa = PBXFileReference; lastKnownFileType = sourcecode.swift; path = LocalModelForCategories.swift; sourceTree = "<group>"; };
		9AE0DE1427B58B5200EB7C04 /* CategoriesTableViewController.swift */ = {isa = PBXFileReference; lastKnownFileType = sourcecode.swift; path = CategoriesTableViewController.swift; sourceTree = "<group>"; };
		9AE0DE1627B58C0B00EB7C04 /* CategoriesTableViewCell.swift */ = {isa = PBXFileReference; lastKnownFileType = sourcecode.swift; path = CategoriesTableViewCell.swift; sourceTree = "<group>"; };
		9AEA6A6B27BA71A700AF0DE4 /* DescriptionViewController.swift */ = {isa = PBXFileReference; lastKnownFileType = sourcecode.swift; path = DescriptionViewController.swift; sourceTree = "<group>"; };
		9AEA6A6C27BA71A700AF0DE4 /* DescriptionViewController.xib */ = {isa = PBXFileReference; lastKnownFileType = file.xib; path = DescriptionViewController.xib; sourceTree = "<group>"; };
		9AEA6A6F27BA71C600AF0DE4 /* IngredientsTableViewController.swift */ = {isa = PBXFileReference; lastKnownFileType = sourcecode.swift; path = IngredientsTableViewController.swift; sourceTree = "<group>"; };
		9AEA6A7027BA71C600AF0DE4 /* IngridientsTableViewController.xib */ = {isa = PBXFileReference; lastKnownFileType = file.xib; path = IngridientsTableViewController.xib; sourceTree = "<group>"; };
		9AEA6A7327BA71D400AF0DE4 /* StepsTableViewController.swift */ = {isa = PBXFileReference; lastKnownFileType = sourcecode.swift; path = StepsTableViewController.swift; sourceTree = "<group>"; };
		9AEA6A7427BA71D400AF0DE4 /* StepsTableViewController.xib */ = {isa = PBXFileReference; lastKnownFileType = file.xib; path = StepsTableViewController.xib; sourceTree = "<group>"; };
/* End PBXFileReference section */

/* Begin PBXFrameworksBuildPhase section */
		9A95F09727A2A6450059BD29 /* Frameworks */ = {
			isa = PBXFrameworksBuildPhase;
			buildActionMask = 2147483647;
			files = (
			);
			runOnlyForDeploymentPostprocessing = 0;
		};
/* End PBXFrameworksBuildPhase section */

/* Begin PBXGroup section */
		9A2D169C27C62F550089FA10 /* AppInfoScene */ = {
			isa = PBXGroup;
			children = (
				9A2D169D27C62FB20089FA10 /* AppInfoViewController.swift */,
			);
			path = AppInfoScene;
			sourceTree = "<group>";
		};
		9A4E84AE27AAB499003C9D48 /* DayRecipeScene */ = {
			isa = PBXGroup;
			children = (
				9A95F0BD27A2AF9A0059BD29 /* DayRecipeTableViewController.swift */,
			);
			path = DayRecipeScene;
			sourceTree = "<group>";
		};
		9A4E84AF27AAB4A6003C9D48 /* CategoriesScene */ = {
			isa = PBXGroup;
			children = (
				9AE0DE1427B58B5200EB7C04 /* CategoriesTableViewController.swift */,
				9A4E84B127AAB4F2003C9D48 /* CurrentCategoriesTableViewController.swift */,
				9A6FF3FC27BA4E7900C18D09 /* Segments */,
			);
			path = CategoriesScene;
			sourceTree = "<group>";
		};
		9A6FF3FC27BA4E7900C18D09 /* Segments */ = {
			isa = PBXGroup;
			children = (
				9A6FF3FA27BA4CCB00C18D09 /* DetailRecipeViewController.swift */,
				9AEA6A6B27BA71A700AF0DE4 /* DescriptionViewController.swift */,
				9AEA6A6C27BA71A700AF0DE4 /* DescriptionViewController.xib */,
				9AEA6A6F27BA71C600AF0DE4 /* IngredientsTableViewController.swift */,
				9AEA6A7027BA71C600AF0DE4 /* IngridientsTableViewController.xib */,
				9AEA6A7327BA71D400AF0DE4 /* StepsTableViewController.swift */,
				9AEA6A7427BA71D400AF0DE4 /* StepsTableViewController.xib */,
			);
			path = Segments;
			sourceTree = "<group>";
		};
		9A7D15D127BD147500D2D77B /* SearchScene */ = {
			isa = PBXGroup;
			children = (
				9A7D15D227BD149600D2D77B /* SearchTableViewController.swift */,
			);
			path = SearchScene;
			sourceTree = "<group>";
		};
		9A95F09127A2A6450059BD29 = {
			isa = PBXGroup;
			children = (
				9A95F09C27A2A6450059BD29 /* MyRecipe */,
				9A95F09B27A2A6450059BD29 /* Products */,
			);
			sourceTree = "<group>";
		};
		9A95F09B27A2A6450059BD29 /* Products */ = {
			isa = PBXGroup;
			children = (
				9A95F09A27A2A6450059BD29 /* MyRecipe.app */,
			);
			name = Products;
			sourceTree = "<group>";
		};
		9A95F09C27A2A6450059BD29 /* MyRecipe */ = {
			isa = PBXGroup;
			children = (
				9A95F0BC27A2AF7F0059BD29 /* Controllers */,
				9A95F0BB27A2AF7B0059BD29 /* Views */,
				9A95F0BA27A2AF750059BD29 /* Models */,
				9A95F09D27A2A6450059BD29 /* AppDelegate.swift */,
				9A95F09F27A2A6450059BD29 /* SceneDelegate.swift */,
				9A95F0C127A2B8D40059BD29 /* NetworkRequests.swift */,
				9A98DD1A27C4E7CD00708BDF /* MyExtansions.swift */,
				9A80671327C51AAE00BA0445 /* CoreDataStack.swift */,
				9A95F0A327A2A6450059BD29 /* Main.storyboard */,
				9A95F0AB27A2A6480059BD29 /* LaunchScreen.storyboard */,
				9A95F0A927A2A6480059BD29 /* Assets.xcassets */,
				9A95F0AE27A2A6480059BD29 /* Info.plist */,
				9A95F0A627A2A6450059BD29 /* MyRecipe.xcdatamodeld */,
			);
			path = MyRecipe;
			sourceTree = "<group>";
		};
		9A95F0BA27A2AF750059BD29 /* Models */ = {
			isa = PBXGroup;
			children = (
				9A95F0BF27A2B0830059BD29 /* RecipeModel.swift */,
				9AE0DE1227B57A5800EB7C04 /* LocalModelForCategories.swift */,
				9A2D169F27C632290089FA10 /* InfoModel.swift */,
			);
			path = Models;
			sourceTree = "<group>";
		};
		9A95F0BB27A2AF7B0059BD29 /* Views */ = {
			isa = PBXGroup;
			children = (
				9A95F0C327A2C88A0059BD29 /* DayRecipeTableViewCell.swift */,
				9AC0D8C027AAED6300900702 /* RecipeListTableViewCell.swift */,
				9AE0DE1627B58C0B00EB7C04 /* CategoriesTableViewCell.swift */,
				9A96149727BBC7E200F2A233 /* IngredientsTableViewCell.swift */,
				9A96149827BBC7E200F2A233 /* IngredientsTableViewCell.xib */,
				9A7D15CD27BBE1B200D2D77B /* StepsTableViewCell.swift */,
				9A7D15CE27BBE1B200D2D77B /* StepsTableViewCell.xib */,
				9A2D16A327C634C30089FA10 /* ThemeTableViewCell.swift */,
				9A2D16A427C634C30089FA10 /* ThemeTableViewCell.xib */,
				9A2D16A927C642660089FA10 /* FAQTableViewCell.swift */,
				9A2D16AA27C642660089FA10 /* FAQTableViewCell.xib */,
			);
			path = Views;
			sourceTree = "<group>";
		};
		9A95F0BC27A2AF7F0059BD29 /* Controllers */ = {
			isa = PBXGroup;
			children = (
				9A2D169C27C62F550089FA10 /* AppInfoScene */,
				9A4E84AF27AAB4A6003C9D48 /* CategoriesScene */,
				9A7D15D127BD147500D2D77B /* SearchScene */,
				9AD8DA2227BE3BCC004C3355 /* FavoriteScene */,
				9A4E84AE27AAB499003C9D48 /* DayRecipeScene */,
			);
			path = Controllers;
			sourceTree = "<group>";
		};
		9AD8DA2227BE3BCC004C3355 /* FavoriteScene */ = {
			isa = PBXGroup;
			children = (
				9AD8DA2327BE3BF6004C3355 /* FavouriteTableViewController.swift */,
			);
			path = FavoriteScene;
			sourceTree = "<group>";
		};
/* End PBXGroup section */

/* Begin PBXNativeTarget section */
		9A95F09927A2A6450059BD29 /* MyRecipe */ = {
			isa = PBXNativeTarget;
			buildConfigurationList = 9A95F0B127A2A6480059BD29 /* Build configuration list for PBXNativeTarget "MyRecipe" */;
			buildPhases = (
				9A95F09627A2A6450059BD29 /* Sources */,
				9A95F09727A2A6450059BD29 /* Frameworks */,
				9A95F09827A2A6450059BD29 /* Resources */,
			);
			buildRules = (
			);
			dependencies = (
			);
			name = MyRecipe;
			packageProductDependencies = (
			);
			productName = MyRecipe;
			productReference = 9A95F09A27A2A6450059BD29 /* MyRecipe.app */;
			productType = "com.apple.product-type.application";
		};
/* End PBXNativeTarget section */

/* Begin PBXProject section */
		9A95F09227A2A6450059BD29 /* Project object */ = {
			isa = PBXProject;
			attributes = {
				BuildIndependentTargetsInParallel = 1;
				LastSwiftUpdateCheck = 1320;
				LastUpgradeCheck = 1320;
				TargetAttributes = {
					9A95F09927A2A6450059BD29 = {
						CreatedOnToolsVersion = 13.2.1;
					};
				};
			};
			buildConfigurationList = 9A95F09527A2A6450059BD29 /* Build configuration list for PBXProject "MyRecipe" */;
			compatibilityVersion = "Xcode 13.0";
			developmentRegion = en;
			hasScannedForEncodings = 0;
			knownRegions = (
				en,
				Base,
			);
			mainGroup = 9A95F09127A2A6450059BD29;
			packageReferences = (
			);
			productRefGroup = 9A95F09B27A2A6450059BD29 /* Products */;
			projectDirPath = "";
			projectRoot = "";
			targets = (
				9A95F09927A2A6450059BD29 /* MyRecipe */,
			);
		};
/* End PBXProject section */

/* Begin PBXResourcesBuildPhase section */
		9A95F09827A2A6450059BD29 /* Resources */ = {
			isa = PBXResourcesBuildPhase;
			buildActionMask = 2147483647;
			files = (
				9A95F0AD27A2A6480059BD29 /* LaunchScreen.storyboard in Resources */,
				9A7D15D027BBE1B200D2D77B /* StepsTableViewCell.xib in Resources */,
				9AEA6A7627BA71D400AF0DE4 /* StepsTableViewController.xib in Resources */,
				9AEA6A6E27BA71A700AF0DE4 /* DescriptionViewController.xib in Resources */,
				9A2D16A627C634C30089FA10 /* ThemeTableViewCell.xib in Resources */,
				9A95F0AA27A2A6480059BD29 /* Assets.xcassets in Resources */,
				9AEA6A7227BA71C600AF0DE4 /* IngridientsTableViewController.xib in Resources */,
				9A95F0A527A2A6450059BD29 /* Main.storyboard in Resources */,
				9A2D16AC27C642660089FA10 /* FAQTableViewCell.xib in Resources */,
				9A96149A27BBC7E200F2A233 /* IngredientsTableViewCell.xib in Resources */,
			);
			runOnlyForDeploymentPostprocessing = 0;
		};
/* End PBXResourcesBuildPhase section */

/* Begin PBXSourcesBuildPhase section */
		9A95F09627A2A6450059BD29 /* Sources */ = {
			isa = PBXSourcesBuildPhase;
			buildActionMask = 2147483647;
			files = (
				9AC0D8C127AAED6300900702 /* RecipeListTableViewCell.swift in Sources */,
				9AE0DE1527B58B5200EB7C04 /* CategoriesTableViewController.swift in Sources */,
				9AE0DE1327B57A5800EB7C04 /* LocalModelForCategories.swift in Sources */,
				9AEA6A6D27BA71A700AF0DE4 /* DescriptionViewController.swift in Sources */,
				9A4E84B227AAB4F2003C9D48 /* CurrentCategoriesTableViewController.swift in Sources */,
				9A7D15CF27BBE1B200D2D77B /* StepsTableViewCell.swift in Sources */,
				9AEA6A7527BA71D400AF0DE4 /* StepsTableViewController.swift in Sources */,
				9A2D169E27C62FB20089FA10 /* AppInfoViewController.swift in Sources */,
				9A7D15D327BD149600D2D77B /* SearchTableViewController.swift in Sources */,
				9A95F09E27A2A6450059BD29 /* AppDelegate.swift in Sources */,
				9AEA6A7127BA71C600AF0DE4 /* IngredientsTableViewController.swift in Sources */,
				9AE0DE1727B58C0B00EB7C04 /* CategoriesTableViewCell.swift in Sources */,
				9A95F0A027A2A6450059BD29 /* SceneDelegate.swift in Sources */,
				9A2D16A527C634C30089FA10 /* ThemeTableViewCell.swift in Sources */,
				9A95F0C227A2B8D40059BD29 /* NetworkRequests.swift in Sources */,
				9A95F0C027A2B0830059BD29 /* RecipeModel.swift in Sources */,
				9A95F0C427A2C88A0059BD29 /* DayRecipeTableViewCell.swift in Sources */,
				9A95F0BE27A2AF9A0059BD29 /* DayRecipeTableViewController.swift in Sources */,
				9AD8DA2427BE3BF6004C3355 /* FavouriteTableViewController.swift in Sources */,
				9A80671427C51AAE00BA0445 /* CoreDataStack.swift in Sources */,
				9A98DD1B27C4E7CD00708BDF /* MyExtansions.swift in Sources */,
				9A95F0A827A2A6450059BD29 /* MyRecipe.xcdatamodeld in Sources */,
				9A2D16AB27C642660089FA10 /* FAQTableViewCell.swift in Sources */,
				9A96149927BBC7E200F2A233 /* IngredientsTableViewCell.swift in Sources */,
				9A6FF3FB27BA4CCB00C18D09 /* DetailRecipeViewController.swift in Sources */,
				9A2D16A027C632290089FA10 /* InfoModel.swift in Sources */,
			);
			runOnlyForDeploymentPostprocessing = 0;
		};
/* End PBXSourcesBuildPhase section */

/* Begin PBXVariantGroup section */
		9A95F0A327A2A6450059BD29 /* Main.storyboard */ = {
			isa = PBXVariantGroup;
			children = (
				9A95F0A427A2A6450059BD29 /* Base */,
			);
			name = Main.storyboard;
			sourceTree = "<group>";
		};
		9A95F0AB27A2A6480059BD29 /* LaunchScreen.storyboard */ = {
			isa = PBXVariantGroup;
			children = (
				9A95F0AC27A2A6480059BD29 /* Base */,
			);
			name = LaunchScreen.storyboard;
			sourceTree = "<group>";
		};
/* End PBXVariantGroup section */

/* Begin XCBuildConfiguration section */
		9A95F0AF27A2A6480059BD29 /* Debug */ = {
			isa = XCBuildConfiguration;
			buildSettings = {
				ALWAYS_SEARCH_USER_PATHS = NO;
				CLANG_ANALYZER_NONNULL = YES;
				CLANG_ANALYZER_NUMBER_OBJECT_CONVERSION = YES_AGGRESSIVE;
				CLANG_CXX_LANGUAGE_STANDARD = "gnu++17";
				CLANG_CXX_LIBRARY = "libc++";
				CLANG_ENABLE_MODULES = YES;
				CLANG_ENABLE_OBJC_ARC = YES;
				CLANG_ENABLE_OBJC_WEAK = YES;
				CLANG_WARN_BLOCK_CAPTURE_AUTORELEASING = YES;
				CLANG_WARN_BOOL_CONVERSION = YES;
				CLANG_WARN_COMMA = YES;
				CLANG_WARN_CONSTANT_CONVERSION = YES;
				CLANG_WARN_DEPRECATED_OBJC_IMPLEMENTATIONS = YES;
				CLANG_WARN_DIRECT_OBJC_ISA_USAGE = YES_ERROR;
				CLANG_WARN_DOCUMENTATION_COMMENTS = YES;
				CLANG_WARN_EMPTY_BODY = YES;
				CLANG_WARN_ENUM_CONVERSION = YES;
				CLANG_WARN_INFINITE_RECURSION = YES;
				CLANG_WARN_INT_CONVERSION = YES;
				CLANG_WARN_NON_LITERAL_NULL_CONVERSION = YES;
				CLANG_WARN_OBJC_IMPLICIT_RETAIN_SELF = YES;
				CLANG_WARN_OBJC_LITERAL_CONVERSION = YES;
				CLANG_WARN_OBJC_ROOT_CLASS = YES_ERROR;
				CLANG_WARN_QUOTED_INCLUDE_IN_FRAMEWORK_HEADER = YES;
				CLANG_WARN_RANGE_LOOP_ANALYSIS = YES;
				CLANG_WARN_STRICT_PROTOTYPES = YES;
				CLANG_WARN_SUSPICIOUS_MOVE = YES;
				CLANG_WARN_UNGUARDED_AVAILABILITY = YES_AGGRESSIVE;
				CLANG_WARN_UNREACHABLE_CODE = YES;
				CLANG_WARN__DUPLICATE_METHOD_MATCH = YES;
				COPY_PHASE_STRIP = NO;
				DEBUG_INFORMATION_FORMAT = dwarf;
				ENABLE_STRICT_OBJC_MSGSEND = YES;
				ENABLE_TESTABILITY = YES;
				GCC_C_LANGUAGE_STANDARD = gnu11;
				GCC_DYNAMIC_NO_PIC = NO;
				GCC_NO_COMMON_BLOCKS = YES;
				GCC_OPTIMIZATION_LEVEL = 0;
				GCC_PREPROCESSOR_DEFINITIONS = (
					"DEBUG=1",
					"$(inherited)",
				);
				GCC_WARN_64_TO_32_BIT_CONVERSION = YES;
				GCC_WARN_ABOUT_RETURN_TYPE = YES_ERROR;
				GCC_WARN_UNDECLARED_SELECTOR = YES;
				GCC_WARN_UNINITIALIZED_AUTOS = YES_AGGRESSIVE;
				GCC_WARN_UNUSED_FUNCTION = YES;
				GCC_WARN_UNUSED_VARIABLE = YES;
				IPHONEOS_DEPLOYMENT_TARGET = 13.0;
				MTL_ENABLE_DEBUG_INFO = INCLUDE_SOURCE;
				MTL_FAST_MATH = YES;
				ONLY_ACTIVE_ARCH = YES;
				SDKROOT = iphoneos;
				SWIFT_ACTIVE_COMPILATION_CONDITIONS = DEBUG;
				SWIFT_OPTIMIZATION_LEVEL = "-Onone";
			};
			name = Debug;
		};
		9A95F0B027A2A6480059BD29 /* Release */ = {
			isa = XCBuildConfiguration;
			buildSettings = {
				ALWAYS_SEARCH_USER_PATHS = NO;
				CLANG_ANALYZER_NONNULL = YES;
				CLANG_ANALYZER_NUMBER_OBJECT_CONVERSION = YES_AGGRESSIVE;
				CLANG_CXX_LANGUAGE_STANDARD = "gnu++17";
				CLANG_CXX_LIBRARY = "libc++";
				CLANG_ENABLE_MODULES = YES;
				CLANG_ENABLE_OBJC_ARC = YES;
				CLANG_ENABLE_OBJC_WEAK = YES;
				CLANG_WARN_BLOCK_CAPTURE_AUTORELEASING = YES;
				CLANG_WARN_BOOL_CONVERSION = YES;
				CLANG_WARN_COMMA = YES;
				CLANG_WARN_CONSTANT_CONVERSION = YES;
				CLANG_WARN_DEPRECATED_OBJC_IMPLEMENTATIONS = YES;
				CLANG_WARN_DIRECT_OBJC_ISA_USAGE = YES_ERROR;
				CLANG_WARN_DOCUMENTATION_COMMENTS = YES;
				CLANG_WARN_EMPTY_BODY = YES;
				CLANG_WARN_ENUM_CONVERSION = YES;
				CLANG_WARN_INFINITE_RECURSION = YES;
				CLANG_WARN_INT_CONVERSION = YES;
				CLANG_WARN_NON_LITERAL_NULL_CONVERSION = YES;
				CLANG_WARN_OBJC_IMPLICIT_RETAIN_SELF = YES;
				CLANG_WARN_OBJC_LITERAL_CONVERSION = YES;
				CLANG_WARN_OBJC_ROOT_CLASS = YES_ERROR;
				CLANG_WARN_QUOTED_INCLUDE_IN_FRAMEWORK_HEADER = YES;
				CLANG_WARN_RANGE_LOOP_ANALYSIS = YES;
				CLANG_WARN_STRICT_PROTOTYPES = YES;
				CLANG_WARN_SUSPICIOUS_MOVE = YES;
				CLANG_WARN_UNGUARDED_AVAILABILITY = YES_AGGRESSIVE;
				CLANG_WARN_UNREACHABLE_CODE = YES;
				CLANG_WARN__DUPLICATE_METHOD_MATCH = YES;
				COPY_PHASE_STRIP = NO;
				DEBUG_INFORMATION_FORMAT = "dwarf-with-dsym";
				ENABLE_NS_ASSERTIONS = NO;
				ENABLE_STRICT_OBJC_MSGSEND = YES;
				GCC_C_LANGUAGE_STANDARD = gnu11;
				GCC_NO_COMMON_BLOCKS = YES;
				GCC_WARN_64_TO_32_BIT_CONVERSION = YES;
				GCC_WARN_ABOUT_RETURN_TYPE = YES_ERROR;
				GCC_WARN_UNDECLARED_SELECTOR = YES;
				GCC_WARN_UNINITIALIZED_AUTOS = YES_AGGRESSIVE;
				GCC_WARN_UNUSED_FUNCTION = YES;
				GCC_WARN_UNUSED_VARIABLE = YES;
				IPHONEOS_DEPLOYMENT_TARGET = 13.0;
				MTL_ENABLE_DEBUG_INFO = NO;
				MTL_FAST_MATH = YES;
				SDKROOT = iphoneos;
				SWIFT_COMPILATION_MODE = wholemodule;
				SWIFT_OPTIMIZATION_LEVEL = "-O";
				VALIDATE_PRODUCT = YES;
			};
			name = Release;
		};
		9A95F0B227A2A6480059BD29 /* Debug */ = {
			isa = XCBuildConfiguration;
			buildSettings = {
				ASSETCATALOG_COMPILER_APPICON_NAME = AppIcon;
				ASSETCATALOG_COMPILER_GLOBAL_ACCENT_COLOR_NAME = AccentColor;
				CODE_SIGN_STYLE = Automatic;
				CURRENT_PROJECT_VERSION = 1;
				DEVELOPMENT_TEAM = 577HJL96V9;
				GENERATE_INFOPLIST_FILE = YES;
				INFOPLIST_FILE = MyRecipe/Info.plist;
				INFOPLIST_KEY_UIApplicationSupportsIndirectInputEvents = YES;
				INFOPLIST_KEY_UILaunchStoryboardName = LaunchScreen;
				INFOPLIST_KEY_UIMainStoryboardFile = Main;
				INFOPLIST_KEY_UISupportedInterfaceOrientations_iPad = "UIInterfaceOrientationPortrait UIInterfaceOrientationPortraitUpsideDown UIInterfaceOrientationLandscapeLeft UIInterfaceOrientationLandscapeRight";
				INFOPLIST_KEY_UISupportedInterfaceOrientations_iPhone = "UIInterfaceOrientationPortrait UIInterfaceOrientationLandscapeLeft UIInterfaceOrientationLandscapeRight";
				IPHONEOS_DEPLOYMENT_TARGET = 13.0;
				LD_RUNPATH_SEARCH_PATHS = (
					"$(inherited)",
					"@executable_path/Frameworks",
				);
				MARKETING_VERSION = 1.0;
				PRODUCT_BUNDLE_IDENTIFIER = nilProduction.MyRecipe;
				PRODUCT_NAME = "$(TARGET_NAME)";
				SWIFT_EMIT_LOC_STRINGS = YES;
				SWIFT_VERSION = 5.0;
				TARGETED_DEVICE_FAMILY = 1;
			};
			name = Debug;
		};
		9A95F0B327A2A6480059BD29 /* Release */ = {
			isa = XCBuildConfiguration;
			buildSettings = {
				ASSETCATALOG_COMPILER_APPICON_NAME = AppIcon;
				ASSETCATALOG_COMPILER_GLOBAL_ACCENT_COLOR_NAME = AccentColor;
				CODE_SIGN_STYLE = Automatic;
				CURRENT_PROJECT_VERSION = 1;
				DEVELOPMENT_TEAM = 577HJL96V9;
				GENERATE_INFOPLIST_FILE = YES;
				INFOPLIST_FILE = MyRecipe/Info.plist;
				INFOPLIST_KEY_UIApplicationSupportsIndirectInputEvents = YES;
				INFOPLIST_KEY_UILaunchStoryboardName = LaunchScreen;
				INFOPLIST_KEY_UIMainStoryboardFile = Main;
				INFOPLIST_KEY_UISupportedInterfaceOrientations_iPad = "UIInterfaceOrientationPortrait UIInterfaceOrientationPortraitUpsideDown UIInterfaceOrientationLandscapeLeft UIInterfaceOrientationLandscapeRight";
				INFOPLIST_KEY_UISupportedInterfaceOrientations_iPhone = "UIInterfaceOrientationPortrait UIInterfaceOrientationLandscapeLeft UIInterfaceOrientationLandscapeRight";
				IPHONEOS_DEPLOYMENT_TARGET = 13.0;
				LD_RUNPATH_SEARCH_PATHS = (
					"$(inherited)",
					"@executable_path/Frameworks",
				);
				MARKETING_VERSION = 1.0;
				PRODUCT_BUNDLE_IDENTIFIER = nilProduction.MyRecipe;
				PRODUCT_NAME = "$(TARGET_NAME)";
				SWIFT_EMIT_LOC_STRINGS = YES;
				SWIFT_VERSION = 5.0;
				TARGETED_DEVICE_FAMILY = 1;
			};
			name = Release;
		};
/* End XCBuildConfiguration section */

/* Begin XCConfigurationList section */
		9A95F09527A2A6450059BD29 /* Build configuration list for PBXProject "MyRecipe" */ = {
			isa = XCConfigurationList;
			buildConfigurations = (
				9A95F0AF27A2A6480059BD29 /* Debug */,
				9A95F0B027A2A6480059BD29 /* Release */,
			);
			defaultConfigurationIsVisible = 0;
			defaultConfigurationName = Release;
		};
		9A95F0B127A2A6480059BD29 /* Build configuration list for PBXNativeTarget "MyRecipe" */ = {
			isa = XCConfigurationList;
			buildConfigurations = (
				9A95F0B227A2A6480059BD29 /* Debug */,
				9A95F0B327A2A6480059BD29 /* Release */,
			);
			defaultConfigurationIsVisible = 0;
			defaultConfigurationName = Release;
		};
/* End XCConfigurationList section */

/* Begin XCVersionGroup section */
		9A95F0A627A2A6450059BD29 /* MyRecipe.xcdatamodeld */ = {
			isa = XCVersionGroup;
			children = (
				9A95F0A727A2A6450059BD29 /* MyRecipe.xcdatamodel */,
			);
			currentVersion = 9A95F0A727A2A6450059BD29 /* MyRecipe.xcdatamodel */;
			path = MyRecipe.xcdatamodeld;
			sourceTree = "<group>";
			versionGroupType = wrapper.xcdatamodel;
		};
/* End XCVersionGroup section */
	};
	rootObject = 9A95F09227A2A6450059BD29 /* Project object */;
}
